// !$*UTF8*$!
{
	archiveVersion = 1;
	classes = {
	};
	objectVersion = 46;
	objects = {

/* Begin PBXBuildFile section */
		072634BD1E4D98D3000D347D /* Constants.swift in Sources */ = {isa = PBXBuildFile; fileRef = 072634BC1E4D98D3000D347D /* Constants.swift */; };
		07F271A01E4D94BD003C9170 /* AppDelegate.swift in Sources */ = {isa = PBXBuildFile; fileRef = 07F2719F1E4D94BD003C9170 /* AppDelegate.swift */; };
		07F271A21E4D94BD003C9170 /* ViewController.swift in Sources */ = {isa = PBXBuildFile; fileRef = 07F271A11E4D94BD003C9170 /* ViewController.swift */; };
		07F271A51E4D94BD003C9170 /* Main.storyboard in Resources */ = {isa = PBXBuildFile; fileRef = 07F271A31E4D94BD003C9170 /* Main.storyboard */; };
		07F271A71E4D94BD003C9170 /* Assets.xcassets in Resources */ = {isa = PBXBuildFile; fileRef = 07F271A61E4D94BD003C9170 /* Assets.xcassets */; };
		07F271AA1E4D94BD003C9170 /* LaunchScreen.storyboard in Resources */ = {isa = PBXBuildFile; fileRef = 07F271A81E4D94BD003C9170 /* LaunchScreen.storyboard */; };
		07F8837E1E6AF37C009C2100 /* ViewController.swift in Sources */ = {isa = PBXBuildFile; fileRef = 07F271A11E4D94BD003C9170 /* ViewController.swift */; };
		07F8837F1E6AF37C009C2100 /* AppDelegate.swift in Sources */ = {isa = PBXBuildFile; fileRef = 07F2719F1E4D94BD003C9170 /* AppDelegate.swift */; };
		07F883801E6AF37C009C2100 /* Constants.swift in Sources */ = {isa = PBXBuildFile; fileRef = 072634BC1E4D98D3000D347D /* Constants.swift */; };
		07F883831E6AF37C009C2100 /* LaunchScreen.storyboard in Resources */ = {isa = PBXBuildFile; fileRef = 07F271A81E4D94BD003C9170 /* LaunchScreen.storyboard */; };
		07F883841E6AF37C009C2100 /* Assets.xcassets in Resources */ = {isa = PBXBuildFile; fileRef = 07F271A61E4D94BD003C9170 /* Assets.xcassets */; };
		07F883851E6AF37C009C2100 /* Main.storyboard in Resources */ = {isa = PBXBuildFile; fileRef = 07F271A31E4D94BD003C9170 /* Main.storyboard */; };
		1B1AA88174EC5DDC97E1DC22 /* Pods_Development.framework in Frameworks */ = {isa = PBXBuildFile; fileRef = 77768F7C2ABEAE22DE171802 /* Pods_Development.framework */; };
		C654346BA10BF4DECB385DB8 /* Pods_Production.framework in Frameworks */ = {isa = PBXBuildFile; fileRef = 6CA36BFFFF8897E1A1D20548 /* Pods_Production.framework */; };
/* End PBXBuildFile section */

/* Begin PBXFileReference section */
		072634BC1E4D98D3000D347D /* Constants.swift */ = {isa = PBXFileReference; fileEncoding = 4; lastKnownFileType = sourcecode.swift; path = Constants.swift; sourceTree = "<group>"; };
		07F2719C1E4D94BD003C9170 /* Targets.app */ = {isa = PBXFileReference; explicitFileType = wrapper.application; includeInIndex = 0; name = Targets.app; path = Production.app; sourceTree = BUILT_PRODUCTS_DIR; };
		07F2719F1E4D94BD003C9170 /* AppDelegate.swift */ = {isa = PBXFileReference; lastKnownFileType = sourcecode.swift; path = AppDelegate.swift; sourceTree = "<group>"; };
		07F271A11E4D94BD003C9170 /* ViewController.swift */ = {isa = PBXFileReference; lastKnownFileType = sourcecode.swift; path = ViewController.swift; sourceTree = "<group>"; };
		07F271A41E4D94BD003C9170 /* Base */ = {isa = PBXFileReference; lastKnownFileType = file.storyboard; name = Base; path = Base.lproj/Main.storyboard; sourceTree = "<group>"; };
		07F271A61E4D94BD003C9170 /* Assets.xcassets */ = {isa = PBXFileReference; lastKnownFileType = folder.assetcatalog; path = Assets.xcassets; sourceTree = "<group>"; };
		07F271A91E4D94BD003C9170 /* Base */ = {isa = PBXFileReference; lastKnownFileType = file.storyboard; name = Base; path = Base.lproj/LaunchScreen.storyboard; sourceTree = "<group>"; };
		07F271AB1E4D94BD003C9170 /* Info.plist */ = {isa = PBXFileReference; lastKnownFileType = text.plist.xml; path = Info.plist; sourceTree = "<group>"; };
		07F883891E6AF37C009C2100 /* Development.app */ = {isa = PBXFileReference; explicitFileType = wrapper.application; includeInIndex = 0; path = Development.app; sourceTree = BUILT_PRODUCTS_DIR; };
		07F8838A1E6AF37C009C2100 /* Targets copy-Info.plist */ = {isa = PBXFileReference; lastKnownFileType = text.plist.xml; name = "Targets copy-Info.plist"; path = "/Users/ranjit/Documents/workspace/github:ranjith2010/Targets/Targets copy-Info.plist"; sourceTree = "<absolute>"; };
		344AB35BD2A59EE6DC5E5440 /* Pods-Development.development.xcconfig */ = {isa = PBXFileReference; includeInIndex = 1; lastKnownFileType = text.xcconfig; name = "Pods-Development.development.xcconfig"; path = "Pods/Target Support Files/Pods-Development/Pods-Development.development.xcconfig"; sourceTree = "<group>"; };
		591DBFDA3B4C627A72AFEDD3 /* Pods-Development.production.xcconfig */ = {isa = PBXFileReference; includeInIndex = 1; lastKnownFileType = text.xcconfig; name = "Pods-Development.production.xcconfig"; path = "Pods/Target Support Files/Pods-Development/Pods-Development.production.xcconfig"; sourceTree = "<group>"; };
		6CA36BFFFF8897E1A1D20548 /* Pods_Production.framework */ = {isa = PBXFileReference; explicitFileType = wrapper.framework; includeInIndex = 0; path = Pods_Production.framework; sourceTree = BUILT_PRODUCTS_DIR; };
		77768F7C2ABEAE22DE171802 /* Pods_Development.framework */ = {isa = PBXFileReference; explicitFileType = wrapper.framework; includeInIndex = 0; path = Pods_Development.framework; sourceTree = BUILT_PRODUCTS_DIR; };
		D2E5E7523AA2D629919F5C2E /* Pods-Production.production.xcconfig */ = {isa = PBXFileReference; includeInIndex = 1; lastKnownFileType = text.xcconfig; name = "Pods-Production.production.xcconfig"; path = "Pods/Target Support Files/Pods-Production/Pods-Production.production.xcconfig"; sourceTree = "<group>"; };
		D9CB01FF7A4A2617022C5D9D /* Pods-Production.development.xcconfig */ = {isa = PBXFileReference; includeInIndex = 1; lastKnownFileType = text.xcconfig; name = "Pods-Production.development.xcconfig"; path = "Pods/Target Support Files/Pods-Production/Pods-Production.development.xcconfig"; sourceTree = "<group>"; };
/* End PBXFileReference section */

/* Begin PBXFrameworksBuildPhase section */
		07F271991E4D94BD003C9170 /* Frameworks */ = {
			isa = PBXFrameworksBuildPhase;
			buildActionMask = 2147483647;
			files = (
				C654346BA10BF4DECB385DB8 /* Pods_Production.framework in Frameworks */,
			);
			runOnlyForDeploymentPostprocessing = 0;
		};
		07F883811E6AF37C009C2100 /* Frameworks */ = {
			isa = PBXFrameworksBuildPhase;
			buildActionMask = 2147483647;
			files = (
				1B1AA88174EC5DDC97E1DC22 /* Pods_Development.framework in Frameworks */,
			);
			runOnlyForDeploymentPostprocessing = 0;
		};
/* End PBXFrameworksBuildPhase section */

/* Begin PBXGroup section */
		0668869C890452347DA5D98F /* Pods */ = {
			isa = PBXGroup;
			children = (
				344AB35BD2A59EE6DC5E5440 /* Pods-Development.development.xcconfig */,
				591DBFDA3B4C627A72AFEDD3 /* Pods-Development.production.xcconfig */,
				D9CB01FF7A4A2617022C5D9D /* Pods-Production.development.xcconfig */,
				D2E5E7523AA2D629919F5C2E /* Pods-Production.production.xcconfig */,
			);
			name = Pods;
			sourceTree = "<group>";
		};
		07F271931E4D94BD003C9170 = {
			isa = PBXGroup;
			children = (
				07F2719E1E4D94BD003C9170 /* Targets */,
				07F2719D1E4D94BD003C9170 /* Products */,
				07F8838A1E6AF37C009C2100 /* Targets copy-Info.plist */,
				0668869C890452347DA5D98F /* Pods */,
				95FAF568D6ED51A682A14858 /* Frameworks */,
			);
			sourceTree = "<group>";
		};
		07F2719D1E4D94BD003C9170 /* Products */ = {
			isa = PBXGroup;
			children = (
				07F2719C1E4D94BD003C9170 /* Targets.app */,
				07F883891E6AF37C009C2100 /* Development.app */,
			);
			name = Products;
			sourceTree = "<group>";
		};
		07F2719E1E4D94BD003C9170 /* Targets */ = {
			isa = PBXGroup;
			children = (
				07F2719F1E4D94BD003C9170 /* AppDelegate.swift */,
				072634BC1E4D98D3000D347D /* Constants.swift */,
				07F271A11E4D94BD003C9170 /* ViewController.swift */,
				07F271A31E4D94BD003C9170 /* Main.storyboard */,
				07F271A61E4D94BD003C9170 /* Assets.xcassets */,
				07F271A81E4D94BD003C9170 /* LaunchScreen.storyboard */,
				07F271AB1E4D94BD003C9170 /* Info.plist */,
			);
			path = Targets;
			sourceTree = "<group>";
		};
		95FAF568D6ED51A682A14858 /* Frameworks */ = {
			isa = PBXGroup;
			children = (
				77768F7C2ABEAE22DE171802 /* Pods_Development.framework */,
				6CA36BFFFF8897E1A1D20548 /* Pods_Production.framework */,
			);
			name = Frameworks;
			sourceTree = "<group>";
		};
/* End PBXGroup section */

/* Begin PBXNativeTarget section */
		07F2719B1E4D94BD003C9170 /* Production */ = {
			isa = PBXNativeTarget;
			buildConfigurationList = 07F271AE1E4D94BD003C9170 /* Build configuration list for PBXNativeTarget "Production" */;
			buildPhases = (
				4BB708A1DAE1EB3793E46EB7 /* [CP] Check Pods Manifest.lock */,
				07F271981E4D94BD003C9170 /* Sources */,
				07F271991E4D94BD003C9170 /* Frameworks */,
				07F2719A1E4D94BD003C9170 /* Resources */,
				570AE09AE7FC8E34F5C6EC50 /* [CP] Embed Pods Frameworks */,
				121533FA377C1F3001D582FA /* [CP] Copy Pods Resources */,
			);
			buildRules = (
			);
			dependencies = (
			);
			name = Production;
			productName = Targets;
			productReference = 07F2719C1E4D94BD003C9170 /* Targets.app */;
			productType = "com.apple.product-type.application";
		};
		07F8837C1E6AF37C009C2100 /* Development */ = {
			isa = PBXNativeTarget;
			buildConfigurationList = 07F883861E6AF37C009C2100 /* Build configuration list for PBXNativeTarget "Development" */;
			buildPhases = (
				8148240B1DD9158E3DFD3430 /* [CP] Check Pods Manifest.lock */,
				07F8837D1E6AF37C009C2100 /* Sources */,
				07F883811E6AF37C009C2100 /* Frameworks */,
				07F883821E6AF37C009C2100 /* Resources */,
				6ED34B2DDDF1B10DA672472A /* [CP] Embed Pods Frameworks */,
				257DF5D77D0A8AB8A858F2F2 /* [CP] Copy Pods Resources */,
			);
			buildRules = (
			);
			dependencies = (
			);
			name = Development;
			productName = Targets;
			productReference = 07F883891E6AF37C009C2100 /* Development.app */;
			productType = "com.apple.product-type.application";
		};
/* End PBXNativeTarget section */

/* Begin PBXProject section */
		07F271941E4D94BD003C9170 /* Project object */ = {
			isa = PBXProject;
			attributes = {
				LastSwiftUpdateCheck = 0820;
				LastUpgradeCheck = 0820;
				ORGANIZATIONNAME = F22Labs;
				TargetAttributes = {
					07F2719B1E4D94BD003C9170 = {
						CreatedOnToolsVersion = 8.2.1;
						DevelopmentTeam = 35P9S7STBV;
						ProvisioningStyle = Automatic;
					};
					07F8837C1E6AF37C009C2100 = {
						DevelopmentTeam = 35P9S7STBV;
						ProvisioningStyle = Automatic;
					};
				};
			};
			buildConfigurationList = 07F271971E4D94BD003C9170 /* Build configuration list for PBXProject "Targets" */;
			compatibilityVersion = "Xcode 3.2";
			developmentRegion = English;
			hasScannedForEncodings = 0;
			knownRegions = (
				en,
				Base,
			);
			mainGroup = 07F271931E4D94BD003C9170;
			productRefGroup = 07F2719D1E4D94BD003C9170 /* Products */;
			projectDirPath = "";
			projectRoot = "";
			targets = (
				07F2719B1E4D94BD003C9170 /* Production */,
				07F8837C1E6AF37C009C2100 /* Development */,
			);
		};
/* End PBXProject section */

/* Begin PBXResourcesBuildPhase section */
		07F2719A1E4D94BD003C9170 /* Resources */ = {
			isa = PBXResourcesBuildPhase;
			buildActionMask = 2147483647;
			files = (
				07F271AA1E4D94BD003C9170 /* LaunchScreen.storyboard in Resources */,
				07F271A71E4D94BD003C9170 /* Assets.xcassets in Resources */,
				07F271A51E4D94BD003C9170 /* Main.storyboard in Resources */,
			);
			runOnlyForDeploymentPostprocessing = 0;
		};
		07F883821E6AF37C009C2100 /* Resources */ = {
			isa = PBXResourcesBuildPhase;
			buildActionMask = 2147483647;
			files = (
				07F883831E6AF37C009C2100 /* LaunchScreen.storyboard in Resources */,
				07F883841E6AF37C009C2100 /* Assets.xcassets in Resources */,
				07F883851E6AF37C009C2100 /* Main.storyboard in Resources */,
			);
			runOnlyForDeploymentPostprocessing = 0;
		};
/* End PBXResourcesBuildPhase section */

/* Begin PBXShellScriptBuildPhase section */
		121533FA377C1F3001D582FA /* [CP] Copy Pods Resources */ = {
			isa = PBXShellScriptBuildPhase;
			buildActionMask = 2147483647;
			files = (
			);
			inputPaths = (
			);
			name = "[CP] Copy Pods Resources";
			outputPaths = (
			);
			runOnlyForDeploymentPostprocessing = 0;
			shellPath = /bin/sh;
			shellScript = "\"${SRCROOT}/Pods/Target Support Files/Pods-Production/Pods-Production-resources.sh\"\n";
			showEnvVarsInLog = 0;
		};
		257DF5D77D0A8AB8A858F2F2 /* [CP] Copy Pods Resources */ = {
			isa = PBXShellScriptBuildPhase;
			buildActionMask = 2147483647;
			files = (
			);
			inputPaths = (
			);
			name = "[CP] Copy Pods Resources";
			outputPaths = (
			);
			runOnlyForDeploymentPostprocessing = 0;
			shellPath = /bin/sh;
			shellScript = "\"${SRCROOT}/Pods/Target Support Files/Pods-Development/Pods-Development-resources.sh\"\n";
			showEnvVarsInLog = 0;
		};
		4BB708A1DAE1EB3793E46EB7 /* [CP] Check Pods Manifest.lock */ = {
			isa = PBXShellScriptBuildPhase;
			buildActionMask = 2147483647;
			files = (
			);
			inputPaths = (
			);
			name = "[CP] Check Pods Manifest.lock";
			outputPaths = (
			);
			runOnlyForDeploymentPostprocessing = 0;
			shellPath = /bin/sh;
			shellScript = "diff \"${PODS_ROOT}/../Podfile.lock\" \"${PODS_ROOT}/Manifest.lock\" > /dev/null\nif [ $? != 0 ] ; then\n    # print error to STDERR\n    echo \"error: The sandbox is not in sync with the Podfile.lock. Run 'pod install' or update your CocoaPods installation.\" >&2\n    exit 1\nfi\n";
			showEnvVarsInLog = 0;
		};
		570AE09AE7FC8E34F5C6EC50 /* [CP] Embed Pods Frameworks */ = {
			isa = PBXShellScriptBuildPhase;
			buildActionMask = 2147483647;
			files = (
			);
			inputPaths = (
			);
			name = "[CP] Embed Pods Frameworks";
			outputPaths = (
			);
			runOnlyForDeploymentPostprocessing = 0;
			shellPath = /bin/sh;
			shellScript = "\"${SRCROOT}/Pods/Target Support Files/Pods-Production/Pods-Production-frameworks.sh\"\n";
			showEnvVarsInLog = 0;
		};
		6ED34B2DDDF1B10DA672472A /* [CP] Embed Pods Frameworks */ = {
			isa = PBXShellScriptBuildPhase;
			buildActionMask = 2147483647;
			files = (
			);
			inputPaths = (
			);
			name = "[CP] Embed Pods Frameworks";
			outputPaths = (
			);
			runOnlyForDeploymentPostprocessing = 0;
			shellPath = /bin/sh;
			shellScript = "\"${SRCROOT}/Pods/Target Support Files/Pods-Development/Pods-Development-frameworks.sh\"\n";
			showEnvVarsInLog = 0;
		};
		8148240B1DD9158E3DFD3430 /* [CP] Check Pods Manifest.lock */ = {
			isa = PBXShellScriptBuildPhase;
			buildActionMask = 2147483647;
			files = (
			);
			inputPaths = (
			);
			name = "[CP] Check Pods Manifest.lock";
			outputPaths = (
			);
			runOnlyForDeploymentPostprocessing = 0;
			shellPath = /bin/sh;
			shellScript = "diff \"${PODS_ROOT}/../Podfile.lock\" \"${PODS_ROOT}/Manifest.lock\" > /dev/null\nif [ $? != 0 ] ; then\n    # print error to STDERR\n    echo \"error: The sandbox is not in sync with the Podfile.lock. Run 'pod install' or update your CocoaPods installation.\" >&2\n    exit 1\nfi\n";
			showEnvVarsInLog = 0;
		};
/* End PBXShellScriptBuildPhase section */

/* Begin PBXSourcesBuildPhase section */
		07F271981E4D94BD003C9170 /* Sources */ = {
			isa = PBXSourcesBuildPhase;
			buildActionMask = 2147483647;
			files = (
				07F271A21E4D94BD003C9170 /* ViewController.swift in Sources */,
				07F271A01E4D94BD003C9170 /* AppDelegate.swift in Sources */,
				072634BD1E4D98D3000D347D /* Constants.swift in Sources */,
			);
			runOnlyForDeploymentPostprocessing = 0;
		};
		07F8837D1E6AF37C009C2100 /* Sources */ = {
			isa = PBXSourcesBuildPhase;
			buildActionMask = 2147483647;
			files = (
				07F8837E1E6AF37C009C2100 /* ViewController.swift in Sources */,
				07F8837F1E6AF37C009C2100 /* AppDelegate.swift in Sources */,
				07F883801E6AF37C009C2100 /* Constants.swift in Sources */,
			);
			runOnlyForDeploymentPostprocessing = 0;
		};
/* End PBXSourcesBuildPhase section */

/* Begin PBXVariantGroup section */
		07F271A31E4D94BD003C9170 /* Main.storyboard */ = {
			isa = PBXVariantGroup;
			children = (
				07F271A41E4D94BD003C9170 /* Base */,
			);
			name = Main.storyboard;
			sourceTree = "<group>";
		};
		07F271A81E4D94BD003C9170 /* LaunchScreen.storyboard */ = {
			isa = PBXVariantGroup;
			children = (
				07F271A91E4D94BD003C9170 /* Base */,
			);
			name = LaunchScreen.storyboard;
			sourceTree = "<group>";
		};
/* End PBXVariantGroup section */

/* Begin XCBuildConfiguration section */
		072634BE1E4D9CAD000D347D /* Production */ = {
			isa = XCBuildConfiguration;
			buildSettings = {
				ALWAYS_SEARCH_USER_PATHS = NO;
				CLANG_ANALYZER_NONNULL = YES;
				CLANG_CXX_LANGUAGE_STANDARD = "gnu++0x";
				CLANG_CXX_LIBRARY = "libc++";
				CLANG_ENABLE_MODULES = YES;
				CLANG_ENABLE_OBJC_ARC = YES;
				CLANG_WARN_BOOL_CONVERSION = YES;
				CLANG_WARN_CONSTANT_CONVERSION = YES;
				CLANG_WARN_DIRECT_OBJC_ISA_USAGE = YES_ERROR;
				CLANG_WARN_DOCUMENTATION_COMMENTS = YES;
				CLANG_WARN_EMPTY_BODY = YES;
				CLANG_WARN_ENUM_CONVERSION = YES;
				CLANG_WARN_INFINITE_RECURSION = YES;
				CLANG_WARN_INT_CONVERSION = YES;
				CLANG_WARN_OBJC_ROOT_CLASS = YES_ERROR;
				CLANG_WARN_SUSPICIOUS_MOVE = YES;
				CLANG_WARN_UNREACHABLE_CODE = YES;
				CLANG_WARN__DUPLICATE_METHOD_MATCH = YES;
				"CODE_SIGN_IDENTITY[sdk=iphoneos*]" = "iPhone Developer";
				COPY_PHASE_STRIP = NO;
				DEBUG_INFORMATION_FORMAT = dwarf;
				ENABLE_STRICT_OBJC_MSGSEND = YES;
				ENABLE_TESTABILITY = YES;
				GCC_C_LANGUAGE_STANDARD = gnu99;
				GCC_DYNAMIC_NO_PIC = NO;
				GCC_NO_COMMON_BLOCKS = YES;
				GCC_OPTIMIZATION_LEVEL = 0;
				GCC_PREPROCESSOR_DEFINITIONS = (
					"DEBUG=1",
					"$(inherited)",
				);
				GCC_WARN_64_TO_32_BIT_CONVERSION = YES;
				GCC_WARN_ABOUT_RETURN_TYPE = YES_ERROR;
				GCC_WARN_UNDECLARED_SELECTOR = YES;
				GCC_WARN_UNINITIALIZED_AUTOS = YES_AGGRESSIVE;
				GCC_WARN_UNUSED_FUNCTION = YES;
				GCC_WARN_UNUSED_VARIABLE = YES;
				IPHONEOS_DEPLOYMENT_TARGET = 10.2;
				MTL_ENABLE_DEBUG_INFO = YES;
				ONLY_ACTIVE_ARCH = YES;
				SDKROOT = iphoneos;
				SWIFT_ACTIVE_COMPILATION_CONDITIONS = DEBUG;
				SWIFT_OPTIMIZATION_LEVEL = "-Onone";
			};
			name = Production;
		};
		072634BF1E4D9CAD000D347D /* Production */ = {
			isa = XCBuildConfiguration;
			baseConfigurationReference = D2E5E7523AA2D629919F5C2E /* Pods-Production.production.xcconfig */;
			buildSettings = {
				ASSETCATALOG_COMPILER_APPICON_NAME = AppIcon;
				"CODE_SIGN_IDENTITY[sdk=iphoneos*]" = "iPhone Developer";
				DEVELOPMENT_TEAM = 35P9S7STBV;
				INFOPLIST_FILE = Targets/Info.plist;
				LD_RUNPATH_SEARCH_PATHS = "$(inherited) @executable_path/Frameworks";
				PRODUCT_BUNDLE_IDENTIFIER = com.ranjit.production;
				PRODUCT_NAME = "$(TARGET_NAME)";
				SWIFT_VERSION = 3.0;
			};
			name = Production;
		};
		07F271AC1E4D94BD003C9170 /* Development */ = {
			isa = XCBuildConfiguration;
			buildSettings = {
				ALWAYS_SEARCH_USER_PATHS = NO;
				CLANG_ANALYZER_NONNULL = YES;
				CLANG_CXX_LANGUAGE_STANDARD = "gnu++0x";
				CLANG_CXX_LIBRARY = "libc++";
				CLANG_ENABLE_MODULES = YES;
				CLANG_ENABLE_OBJC_ARC = YES;
				CLANG_WARN_BOOL_CONVERSION = YES;
				CLANG_WARN_CONSTANT_CONVERSION = YES;
				CLANG_WARN_DIRECT_OBJC_ISA_USAGE = YES_ERROR;
				CLANG_WARN_DOCUMENTATION_COMMENTS = YES;
				CLANG_WARN_EMPTY_BODY = YES;
				CLANG_WARN_ENUM_CONVERSION = YES;
				CLANG_WARN_INFINITE_RECURSION = YES;
				CLANG_WARN_INT_CONVERSION = YES;
				CLANG_WARN_OBJC_ROOT_CLASS = YES_ERROR;
				CLANG_WARN_SUSPICIOUS_MOVE = YES;
				CLANG_WARN_UNREACHABLE_CODE = YES;
				CLANG_WARN__DUPLICATE_METHOD_MATCH = YES;
				"CODE_SIGN_IDENTITY[sdk=iphoneos*]" = "iPhone Developer";
				COPY_PHASE_STRIP = NO;
				DEBUG_INFORMATION_FORMAT = dwarf;
				ENABLE_STRICT_OBJC_MSGSEND = YES;
				ENABLE_TESTABILITY = YES;
				GCC_C_LANGUAGE_STANDARD = gnu99;
				GCC_DYNAMIC_NO_PIC = NO;
				GCC_NO_COMMON_BLOCKS = YES;
				GCC_OPTIMIZATION_LEVEL = 0;
				GCC_PREPROCESSOR_DEFINITIONS = (
					"DEBUG=1",
					"$(inherited)",
				);
				GCC_WARN_64_TO_32_BIT_CONVERSION = YES;
				GCC_WARN_ABOUT_RETURN_TYPE = YES_ERROR;
				GCC_WARN_UNDECLARED_SELECTOR = YES;
				GCC_WARN_UNINITIALIZED_AUTOS = YES_AGGRESSIVE;
				GCC_WARN_UNUSED_FUNCTION = YES;
				GCC_WARN_UNUSED_VARIABLE = YES;
				IPHONEOS_DEPLOYMENT_TARGET = 10.2;
				MTL_ENABLE_DEBUG_INFO = YES;
				ONLY_ACTIVE_ARCH = YES;
				SDKROOT = iphoneos;
				SWIFT_ACTIVE_COMPILATION_CONDITIONS = DEBUG;
				SWIFT_OPTIMIZATION_LEVEL = "-Onone";
			};
			name = Development;
		};
		07F271AF1E4D94BD003C9170 /* Development */ = {
			isa = XCBuildConfiguration;
			baseConfigurationReference = D9CB01FF7A4A2617022C5D9D /* Pods-Production.development.xcconfig */;
			buildSettings = {
				ASSETCATALOG_COMPILER_APPICON_NAME = AppIcon;
				"CODE_SIGN_IDENTITY[sdk=iphoneos*]" = "iPhone Developer";
				DEVELOPMENT_TEAM = 35P9S7STBV;
				INFOPLIST_FILE = Targets/Info.plist;
				LD_RUNPATH_SEARCH_PATHS = "$(inherited) @executable_path/Frameworks";
				OTHER_SWIFT_FLAGS = "";
				PRODUCT_BUNDLE_IDENTIFIER = com.ranjit.production;
				PRODUCT_NAME = "$(TARGET_NAME)";
				SWIFT_VERSION = 3.0;
			};
			name = Development;
		};
		07F883871E6AF37C009C2100 /* Development */ = {
			isa = XCBuildConfiguration;
			baseConfigurationReference = 344AB35BD2A59EE6DC5E5440 /* Pods-Development.development.xcconfig */;
			buildSettings = {
				ASSETCATALOG_COMPILER_APPICON_NAME = AppIcon;
				"CODE_SIGN_IDENTITY[sdk=iphoneos*]" = "iPhone Developer";
				DEVELOPMENT_TEAM = 35P9S7STBV;
				INFOPLIST_FILE = "Targets copy-Info.plist";
				LD_RUNPATH_SEARCH_PATHS = "$(inherited) @executable_path/Frameworks";
				OTHER_SWIFT_FLAGS = "\"-D\" \"DEVELOPMENT\"";
				PRODUCT_BUNDLE_IDENTIFIER = com.ranjit.development;
				PRODUCT_NAME = "$(TARGET_NAME)";
				SWIFT_VERSION = 3.0;
			};
			name = Development;
		};
		07F883881E6AF37C009C2100 /* Production */ = {
			isa = XCBuildConfiguration;
			baseConfigurationReference = 591DBFDA3B4C627A72AFEDD3 /* Pods-Development.production.xcconfig */;
			buildSettings = {
				ASSETCATALOG_COMPILER_APPICON_NAME = AppIcon;
				"CODE_SIGN_IDENTITY[sdk=iphoneos*]" = "iPhone Developer";
				DEVELOPMENT_TEAM = 35P9S7STBV;
				INFOPLIST_FILE = "Targets copy-Info.plist";
				LD_RUNPATH_SEARCH_PATHS = "$(inherited) @executable_path/Frameworks";
				OTHER_SWIFT_FLAGS = "\"-D\" \"DEVELOPMENT\"";
				PRODUCT_BUNDLE_IDENTIFIER = com.ranjit.development;
				PRODUCT_NAME = "$(TARGET_NAME)";
				SWIFT_VERSION = 3.0;
			};
			name = Production;
		};
/* End XCBuildConfiguration section */

/* Begin XCConfigurationList section */
		07F271971E4D94BD003C9170 /* Build configuration list for PBXProject "Targets" */ = {
			isa = XCConfigurationList;
			buildConfigurations = (
				07F271AC1E4D94BD003C9170 /* Development */,
				072634BE1E4D9CAD000D347D /* Production */,
			);
			defaultConfigurationIsVisible = 0;
			defaultConfigurationName = Development;
		};
		07F271AE1E4D94BD003C9170 /* Build configuration list for PBXNativeTarget "Production" */ = {
			isa = XCConfigurationList;
			buildConfigurations = (
				07F271AF1E4D94BD003C9170 /* Development */,
				072634BF1E4D9CAD000D347D /* Production */,
			);
			defaultConfigurationIsVisible = 0;
			defaultConfigurationName = Development;
		};
		07F883861E6AF37C009C2100 /* Build configuration list for PBXNativeTarget "Development" */ = {
			isa = XCConfigurationList;
			buildConfigurations = (
				07F883871E6AF37C009C2100 /* Development */,
				07F883881E6AF37C009C2100 /* Production */,
			);
			defaultConfigurationIsVisible = 0;
			defaultConfigurationName = Development;
		};
/* End XCConfigurationList section */
	};
	rootObject = 07F271941E4D94BD003C9170 /* Project object */;
}
